
Microsoft Visual Studio Solution File, Format Version 12.00
# Visual Studio 15
VisualStudioVersion = 15.0.26730.16
MinimumVisualStudioVersion = 10.0.40219.1
Project("{FAE04EC0-301F-11D3-BF4B-00C04F79EFBC}") = "AJEFD", "AJEFD\AJEFD.csproj", "{F8F61ED7-C6DF-4220-A163-146864C0B681}"
EndProject
Project("{2150E333-8FDC-42A3-9474-1A3956D46DE8}") = "Factory", "Factory", "{E350A2BB-5B37-44A0-8266-5C5FA0B3D65A}"
EndProject
Project("{FAE04EC0-301F-11D3-BF4B-00C04F79EFBC}") = "EarthNowResources", "EarthNowResources\EarthNowResources.csproj", "{4D9EC73D-A1D2-406C-8872-8237E7B2A693}"
EndProject
Project("{FAE04EC0-301F-11D3-BF4B-00C04F79EFBC}") = "LocalResources", "LocalResources\LocalResources.csproj", "{DD0EC7F4-3F87-4967-988C-67F27E94DC5B}"
EndProject
Project("{FAE04EC0-301F-11D3-BF4B-00C04F79EFBC}") = "ClassLibrary1", "ClassLibrary1\ClassLibrary1.csproj", "{FBC6DDB1-D19C-48C4-92CD-1C806BBD7D67}"
EndProject
Global
	GlobalSection(SolutionConfigurationPlatforms) = preSolution
		Debug|Any CPU = Debug|Any CPU
		Debug|ARM = Debug|ARM
		Debug|ARM64 = Debug|ARM64
		Debug|x64 = Debug|x64
		Debug|x86 = Debug|x86
		Release|Any CPU = Release|Any CPU
		Release|ARM = Release|ARM
		Release|ARM64 = Release|ARM64
		Release|x64 = Release|x64
		Release|x86 = Release|x86
	EndGlobalSection
	GlobalSection(ProjectConfigurationPlatforms) = postSolution
		{F8F61ED7-C6DF-4220-A163-146864C0B681}.Debug|Any CPU.ActiveCfg = Debug|Any CPU
		{F8F61ED7-C6DF-4220-A163-146864C0B681}.Debug|Any CPU.Build.0 = Debug|Any CPU
		{F8F61ED7-C6DF-4220-A163-146864C0B681}.Debug|ARM.ActiveCfg = Debug|Any CPU
		{F8F61ED7-C6DF-4220-A163-146864C0B681}.Debug|ARM.Build.0 = Debug|Any CPU
		{F8F61ED7-C6DF-4220-A163-146864C0B681}.Debug|ARM64.ActiveCfg = Debug|Any CPU
		{F8F61ED7-C6DF-4220-A163-146864C0B681}.Debug|ARM64.Build.0 = Debug|Any CPU
		{F8F61ED7-C6DF-4220-A163-146864C0B681}.Debug|x64.ActiveCfg = Debug|Any CPU
		{F8F61ED7-C6DF-4220-A163-146864C0B681}.Debug|x64.Build.0 = Debug|Any CPU
		{F8F61ED7-C6DF-4220-A163-146864C0B681}.Debug|x86.ActiveCfg = Debug|Any CPU
		{F8F61ED7-C6DF-4220-A163-146864C0B681}.Debug|x86.Build.0 = Debug|Any CPU
		{F8F61ED7-C6DF-4220-A163-146864C0B681}.Release|Any CPU.ActiveCfg = Release|Any CPU
		{F8F61ED7-C6DF-4220-A163-146864C0B681}.Release|Any CPU.Build.0 = Release|Any CPU
		{F8F61ED7-C6DF-4220-A163-146864C0B681}.Release|ARM.ActiveCfg = Release|Any CPU
		{F8F61ED7-C6DF-4220-A163-146864C0B681}.Release|ARM.Build.0 = Release|Any CPU
		{F8F61ED7-C6DF-4220-A163-146864C0B681}.Release|ARM64.ActiveCfg = Release|Any CPU
		{F8F61ED7-C6DF-4220-A163-146864C0B681}.Release|ARM64.Build.0 = Release|Any CPU
		{F8F61ED7-C6DF-4220-A163-146864C0B681}.Release|x64.ActiveCfg = Release|Any CPU
		{F8F61ED7-C6DF-4220-A163-146864C0B681}.Release|x64.Build.0 = Release|Any CPU
		{F8F61ED7-C6DF-4220-A163-146864C0B681}.Release|x86.ActiveCfg = Release|Any CPU
		{F8F61ED7-C6DF-4220-A163-146864C0B681}.Release|x86.Build.0 = Release|Any CPU
		{4D9EC73D-A1D2-406C-8872-8237E7B2A693}.Debug|Any CPU.ActiveCfg = Debug|Any CPU
		{4D9EC73D-A1D2-406C-8872-8237E7B2A693}.Debug|Any CPU.Build.0 = Debug|Any CPU
		{4D9EC73D-A1D2-406C-8872-8237E7B2A693}.Debug|ARM.ActiveCfg = Debug|Any CPU
		{4D9EC73D-A1D2-406C-8872-8237E7B2A693}.Debug|ARM.Build.0 = Debug|Any CPU
		{4D9EC73D-A1D2-406C-8872-8237E7B2A693}.Debug|ARM64.ActiveCfg = Debug|Any CPU
		{4D9EC73D-A1D2-406C-8872-8237E7B2A693}.Debug|ARM64.Build.0 = Debug|Any CPU
		{4D9EC73D-A1D2-406C-8872-8237E7B2A693}.Debug|x64.ActiveCfg = Debug|Any CPU
		{4D9EC73D-A1D2-406C-8872-8237E7B2A693}.Debug|x64.Build.0 = Debug|Any CPU
		{4D9EC73D-A1D2-406C-8872-8237E7B2A693}.Debug|x86.ActiveCfg = Debug|Any CPU
		{4D9EC73D-A1D2-406C-8872-8237E7B2A693}.Debug|x86.Build.0 = Debug|Any CPU
		{4D9EC73D-A1D2-406C-8872-8237E7B2A693}.Release|Any CPU.ActiveCfg = Release|Any CPU
		{4D9EC73D-A1D2-406C-8872-8237E7B2A693}.Release|Any CPU.Build.0 = Release|Any CPU
		{4D9EC73D-A1D2-406C-8872-8237E7B2A693}.Release|ARM.ActiveCfg = Release|Any CPU
		{4D9EC73D-A1D2-406C-8872-8237E7B2A693}.Release|ARM.Build.0 = Release|Any CPU
		{4D9EC73D-A1D2-406C-8872-8237E7B2A693}.Release|ARM64.ActiveCfg = Release|Any CPU
		{4D9EC73D-A1D2-406C-8872-8237E7B2A693}.Release|ARM64.Build.0 = Release|Any CPU
		{4D9EC73D-A1D2-406C-8872-8237E7B2A693}.Release|x64.ActiveCfg = Release|Any CPU
		{4D9EC73D-A1D2-406C-8872-8237E7B2A693}.Release|x64.Build.0 = Release|Any CPU
		{4D9EC73D-A1D2-406C-8872-8237E7B2A693}.Release|x86.ActiveCfg = Release|Any CPU
		{4D9EC73D-A1D2-406C-8872-8237E7B2A693}.Release|x86.Build.0 = Release|Any CPU
		{DD0EC7F4-3F87-4967-988C-67F27E94DC5B}.Debug|Any CPU.ActiveCfg = Debug|Any CPU
		{DD0EC7F4-3F87-4967-988C-67F27E94DC5B}.Debug|Any CPU.Build.0 = Debug|Any CPU
		{DD0EC7F4-3F87-4967-988C-67F27E94DC5B}.Debug|ARM.ActiveCfg = Debug|Any CPU
		{DD0EC7F4-3F87-4967-988C-67F27E94DC5B}.Debug|ARM.Build.0 = Debug|Any CPU
		{DD0EC7F4-3F87-4967-988C-67F27E94DC5B}.Debug|ARM64.ActiveCfg = Debug|Any CPU
		{DD0EC7F4-3F87-4967-988C-67F27E94DC5B}.Debug|ARM64.Build.0 = Debug|Any CPU
		{DD0EC7F4-3F87-4967-988C-67F27E94DC5B}.Debug|x64.ActiveCfg = Debug|Any CPU
		{DD0EC7F4-3F87-4967-988C-67F27E94DC5B}.Debug|x64.Build.0 = Debug|Any CPU
		{DD0EC7F4-3F87-4967-988C-67F27E94DC5B}.Debug|x86.ActiveCfg = Debug|Any CPU
		{DD0EC7F4-3F87-4967-988C-67F27E94DC5B}.Debug|x86.Build.0 = Debug|Any CPU
		{DD0EC7F4-3F87-4967-988C-67F27E94DC5B}.Release|Any CPU.ActiveCfg = Release|Any CPU
		{DD0EC7F4-3F87-4967-988C-67F27E94DC5B}.Release|Any CPU.Build.0 = Release|Any CPU
		{DD0EC7F4-3F87-4967-988C-67F27E94DC5B}.Release|ARM.ActiveCfg = Release|Any CPU
		{DD0EC7F4-3F87-4967-988C-67F27E94DC5B}.Release|ARM.Build.0 = Release|Any CPU
		{DD0EC7F4-3F87-4967-988C-67F27E94DC5B}.Release|ARM64.ActiveCfg = Release|Any CPU
		{DD0EC7F4-3F87-4967-988C-67F27E94DC5B}.Release|ARM64.Build.0 = Release|Any CPU
		{DD0EC7F4-3F87-4967-988C-67F27E94DC5B}.Release|x64.ActiveCfg = Release|Any CPU
		{DD0EC7F4-3F87-4967-988C-67F27E94DC5B}.Release|x64.Build.0 = Release|Any CPU
		{DD0EC7F4-3F87-4967-988C-67F27E94DC5B}.Release|x86.ActiveCfg = Release|Any CPU
		{DD0EC7F4-3F87-4967-988C-67F27E94DC5B}.Release|x86.Build.0 = Release|Any CPU
		{FBC6DDB1-D19C-48C4-92CD-1C806BBD7D67}.Debug|Any CPU.ActiveCfg = Debug|Any CPU
		{FBC6DDB1-D19C-48C4-92CD-1C806BBD7D67}.Debug|Any CPU.Build.0 = Debug|Any CPU
		{FBC6DDB1-D19C-48C4-92CD-1C806BBD7D67}.Debug|ARM.ActiveCfg = Debug|Any CPU
		{FBC6DDB1-D19C-48C4-92CD-1C806BBD7D67}.Debug|ARM.Build.0 = Debug|Any CPU
		{FBC6DDB1-D19C-48C4-92CD-1C806BBD7D67}.Debug|ARM64.ActiveCfg = Debug|Any CPU
		{FBC6DDB1-D19C-48C4-92CD-1C806BBD7D67}.Debug|ARM64.Build.0 = Debug|Any CPU
		{FBC6DDB1-D19C-48C4-92CD-1C806BBD7D67}.Debug|x64.ActiveCfg = Debug|Any CPU
		{FBC6DDB1-D19C-48C4-92CD-1C806BBD7D67}.Debug|x64.Build.0 = Debug|Any CPU
		{FBC6DDB1-D19C-48C4-92CD-1C806BBD7D67}.Debug|x86.ActiveCfg = Debug|Any CPU
		{FBC6DDB1-D19C-48C4-92CD-1C806BBD7D67}.Debug|x86.Build.0 = Debug|Any CPU
		{FBC6DDB1-D19C-48C4-92CD-1C806BBD7D67}.Release|Any CPU.ActiveCfg = Release|Any CPU
		{FBC6DDB1-D19C-48C4-92CD-1C806BBD7D67}.Release|Any CPU.Build.0 = Release|Any CPU
		{FBC6DDB1-D19C-48C4-92CD-1C806BBD7D67}.Release|ARM.ActiveCfg = Release|Any CPU
		{FBC6DDB1-D19C-48C4-92CD-1C806BBD7D67}.Release|ARM.Build.0 = Release|Any CPU
		{FBC6DDB1-D19C-48C4-92CD-1C806BBD7D67}.Release|ARM64.ActiveCfg = Release|Any CPU
		{FBC6DDB1-D19C-48C4-92CD-1C806BBD7D67}.Release|ARM64.Build.0 = Release|Any CPU
		{FBC6DDB1-D19C-48C4-92CD-1C806BBD7D67}.Release|x64.ActiveCfg = Release|Any CPU
		{FBC6DDB1-D19C-48C4-92CD-1C806BBD7D67}.Release|x64.Build.0 = Release|Any CPU
		{FBC6DDB1-D19C-48C4-92CD-1C806BBD7D67}.Release|x86.ActiveCfg = Release|Any CPU
		{FBC6DDB1-D19C-48C4-92CD-1C806BBD7D67}.Release|x86.Build.0 = Release|Any CPU
	EndGlobalSection
	GlobalSection(SolutionProperties) = preSolution
		HideSolutionNode = FALSE
	EndGlobalSection
	GlobalSection(ExtensibilityGlobals) = postSolution
		SolutionGuid = {D7525C3B-1894-4BC7-9E60-2D3F22AA69F6}
	EndGlobalSection
EndGlobal
